
Microsoft Visual Studio Solution File, Format Version 12.00
# Visual Studio Version 17
VisualStudioVersion = 17.2.32616.157
MinimumVisualStudioVersion = 10.0.40219.1
Project("{9A19103F-16F7-4668-BE54-9A1E7A4F7556}") = "Project", "Project\Project.csproj", "{9D90FA9C-0CA3-444B-95E7-DCE1B8DC7E80}"
EndProject
Project("{FAE04EC0-301F-11D3-BF4B-00C04F79EFBC}") = "Report", "Report\Report.csproj", "{F5978419-5FD2-4C6A-8431-B8DAF61CF16E}"
EndProject
Global
	GlobalSection(SolutionConfigurationPlatforms) = preSolution
		Debug|Any CPU = Debug|Any CPU
		Release|Any CPU = Release|Any CPU
	EndGlobalSection
	GlobalSection(ProjectConfigurationPlatforms) = postSolution
		{9D90FA9C-0CA3-444B-95E7-DCE1B8DC7E80}.Debug|Any CPU.ActiveCfg = Debug|Any CPU
		{9D90FA9C-0CA3-444B-95E7-DCE1B8DC7E80}.Debug|Any CPU.Build.0 = Debug|Any CPU
		{9D90FA9C-0CA3-444B-95E7-DCE1B8DC7E80}.Release|Any CPU.ActiveCfg = Release|Any CPU
		{9D90FA9C-0CA3-444B-95E7-DCE1B8DC7E80}.Release|Any CPU.Build.0 = Release|Any CPU
		{F5978419-5FD2-4C6A-8431-B8DAF61CF16E}.Debug|Any CPU.ActiveCfg = Debug|Any CPU
		{F5978419-5FD2-4C6A-8431-B8DAF61CF16E}.Debug|Any CPU.Build.0 = Debug|Any CPU
		{F5978419-5FD2-4C6A-8431-B8DAF61CF16E}.Release|Any CPU.ActiveCfg = Release|Any CPU
		{F5978419-5FD2-4C6A-8431-B8DAF61CF16E}.Release|Any CPU.Build.0 = Release|Any CPU
	EndGlobalSection
	GlobalSection(SolutionProperties) = preSolution
		HideSolutionNode = FALSE
	EndGlobalSection
	GlobalSection(ExtensibilityGlobals) = postSolution
		SolutionGuid = {68706DE4-9AFD-4AC2-A423-0C7F3F06EA1B}
	EndGlobalSection
EndGlobal
